
Microsoft Visual Studio Solution File, Format Version 12.00
# Visual Studio Version 16
VisualStudioVersion = 16.0.32228.343
MinimumVisualStudioVersion = 10.0.40219.1
Project("{FAE04EC0-301F-11D3-BF4B-00C04F79EFBC}") = "CasaPopular", "ConsoleApp1\CasaPopular.csproj", "{720E8A6B-2818-46DC-BCF3-395A6EB5EA11}"
EndProject
Project("{FAE04EC0-301F-11D3-BF4B-00C04F79EFBC}") = "CasaPopularTests", "CasaPopularTests\CasaPopularTests.csproj", "{F79CCB31-FE0D-4432-B14F-8DBAD20C741F}"
EndProject
Global
	GlobalSection(SolutionConfigurationPlatforms) = preSolution
		Debug|Any CPU = Debug|Any CPU
		Release|Any CPU = Release|Any CPU
	EndGlobalSection
	GlobalSection(ProjectConfigurationPlatforms) = postSolution
		{720E8A6B-2818-46DC-BCF3-395A6EB5EA11}.Debug|Any CPU.ActiveCfg = Debug|Any CPU
		{720E8A6B-2818-46DC-BCF3-395A6EB5EA11}.Debug|Any CPU.Build.0 = Debug|Any CPU
		{720E8A6B-2818-46DC-BCF3-395A6EB5EA11}.Release|Any CPU.ActiveCfg = Release|Any CPU
		{720E8A6B-2818-46DC-BCF3-395A6EB5EA11}.Release|Any CPU.Build.0 = Release|Any CPU
		{F79CCB31-FE0D-4432-B14F-8DBAD20C741F}.Debug|Any CPU.ActiveCfg = Debug|Any CPU
		{F79CCB31-FE0D-4432-B14F-8DBAD20C741F}.Debug|Any CPU.Build.0 = Debug|Any CPU
		{F79CCB31-FE0D-4432-B14F-8DBAD20C741F}.Release|Any CPU.ActiveCfg = Release|Any CPU
		{F79CCB31-FE0D-4432-B14F-8DBAD20C741F}.Release|Any CPU.Build.0 = Release|Any CPU
	EndGlobalSection
	GlobalSection(SolutionProperties) = preSolution
		HideSolutionNode = FALSE
	EndGlobalSection
	GlobalSection(ExtensibilityGlobals) = postSolution
		SolutionGuid = {94747301-6DBF-4BA5-8BC4-66021666955E}
	EndGlobalSection
EndGlobal
